
Microsoft Visual Studio Solution File, Format Version 12.00
# Visual Studio Version 17
VisualStudioVersion = 17.8.34408.163
MinimumVisualStudioVersion = 10.0.40219.1
Project("{9A19103F-16F7-4668-BE54-9A1E7A4F7556}") = "ConsoleApp1", "ConsoleApp1\ConsoleApp1.csproj", "{03050EB2-846A-4E2E-8CC0-547D50EE405E}"
EndProject
Project("{9A19103F-16F7-4668-BE54-9A1E7A4F7556}") = "ai-reports-api", "ai-reports-api\ai-reports-api.csproj", "{C93EBFB6-A4A5-4216-8BB5-52360B741DC1}"
EndProject
Project("{9A19103F-16F7-4668-BE54-9A1E7A4F7556}") = "Shared", "Shared\Shared.csproj", "{043631AE-57BC-4D09-A5F4-F331A0941608}"
EndProject
Project("{FAE04EC0-301F-11D3-BF4B-00C04F79EFBC}") = "WebApplication1", "WebApplication1\WebApplication1.csproj", "{57EDF265-D7BD-4116-9256-5BF0C81E462B}"
EndProject
Global
	GlobalSection(SolutionConfigurationPlatforms) = preSolution
		Debug|Any CPU = Debug|Any CPU
		Release|Any CPU = Release|Any CPU
	EndGlobalSection
	GlobalSection(ProjectConfigurationPlatforms) = postSolution
		{03050EB2-846A-4E2E-8CC0-547D50EE405E}.Debug|Any CPU.ActiveCfg = Debug|Any CPU
		{03050EB2-846A-4E2E-8CC0-547D50EE405E}.Debug|Any CPU.Build.0 = Debug|Any CPU
		{03050EB2-846A-4E2E-8CC0-547D50EE405E}.Release|Any CPU.ActiveCfg = Release|Any CPU
		{03050EB2-846A-4E2E-8CC0-547D50EE405E}.Release|Any CPU.Build.0 = Release|Any CPU
		{C93EBFB6-A4A5-4216-8BB5-52360B741DC1}.Debug|Any CPU.ActiveCfg = Debug|Any CPU
		{C93EBFB6-A4A5-4216-8BB5-52360B741DC1}.Debug|Any CPU.Build.0 = Debug|Any CPU
		{C93EBFB6-A4A5-4216-8BB5-52360B741DC1}.Release|Any CPU.ActiveCfg = Release|Any CPU
		{C93EBFB6-A4A5-4216-8BB5-52360B741DC1}.Release|Any CPU.Build.0 = Release|Any CPU
		{043631AE-57BC-4D09-A5F4-F331A0941608}.Debug|Any CPU.ActiveCfg = Debug|Any CPU
		{043631AE-57BC-4D09-A5F4-F331A0941608}.Debug|Any CPU.Build.0 = Debug|Any CPU
		{043631AE-57BC-4D09-A5F4-F331A0941608}.Release|Any CPU.ActiveCfg = Release|Any CPU
		{043631AE-57BC-4D09-A5F4-F331A0941608}.Release|Any CPU.Build.0 = Release|Any CPU
		{57EDF265-D7BD-4116-9256-5BF0C81E462B}.Debug|Any CPU.ActiveCfg = Debug|Any CPU
		{57EDF265-D7BD-4116-9256-5BF0C81E462B}.Debug|Any CPU.Build.0 = Debug|Any CPU
		{57EDF265-D7BD-4116-9256-5BF0C81E462B}.Release|Any CPU.ActiveCfg = Release|Any CPU
		{57EDF265-D7BD-4116-9256-5BF0C81E462B}.Release|Any CPU.Build.0 = Release|Any CPU
	EndGlobalSection
	GlobalSection(SolutionProperties) = preSolution
		HideSolutionNode = FALSE
	EndGlobalSection
	GlobalSection(ExtensibilityGlobals) = postSolution
		SolutionGuid = {7905EE7E-654C-4C12-A767-224FCA425E36}
	EndGlobalSection
EndGlobal
